
Microsoft Visual Studio Solution File, Format Version 12.00
# Visual Studio Version 17
VisualStudioVersion = 17.14.37614.0 d17.14
MinimumVisualStudioVersion = 10.0.40219.1
Project("{FAE04EC0-301F-11D3-BF4B-00C04F79EFBC}") = "MqttModbusGateway", "MqttModbusGateway.csproj", "{02BC781D-F7BA-7476-0379-F5EC225DEABC}"
EndProject
Global
	GlobalSection(SolutionConfigurationPlatforms) = preSolution
		Debug|Any CPU = Debug|Any CPU
		Release|Any CPU = Release|Any CPU
	EndGlobalSection
	GlobalSection(ProjectConfigurationPlatforms) = postSolution
		{02BC781D-F7BA-7476-0379-F5EC225DEABC}.Debug|Any CPU.ActiveCfg = Debug|Any CPU
		{02BC781D-F7BA-7476-0379-F5EC225DEABC}.Debug|Any CPU.Build.0 = Debug|Any CPU
		{02BC781D-F7BA-7476-0379-F5EC225DEABC}.Release|Any CPU.ActiveCfg = Release|Any CPU
		{02BC781D-F7BA-7476-0379-F5EC225DEABC}.Release|Any CPU.Build.0 = Release|Any CPU
	EndGlobalSection
	GlobalSection(SolutionProperties) = preSolution
		HideSolutionNode = FALSE
	EndGlobalSection
	GlobalSection(ExtensibilityGlobals) = postSolution
		SolutionGuid = {C51FAF48-EB02-44A8-A24E-A3D4AC24BB65}
	EndGlobalSection
EndGlobal
